{
    "name": "@zuzia.dev/zuzia.fetch",
    "version": "1.0.0",
    "lockfileVersion": 3,
    "requires": true,
    "packages": {
        "": {
            "name": "@zuzia.dev/zuzia.fetch",
            "version": "1.0.0",
            "license": "MIT",
            "dependencies": {
                "@zuzia.dev/zuzia.fetch": "file:",
                "zuzia.fetch": "file:"
            },
            "engines": {
                "node": ">=19.0.0"
            }
        },
        "node_modules/@zuzia.dev/zuzia.fetch": {
            "resolved": "",
            "link": true
        },
        "node_modules/zuzia.fetch": {
            "resolved": "",
            "link": true
        }
    }
}
